
Microsoft Visual Studio Solution File, Format Version 12.00
# Visual Studio Version 16
VisualStudioVersion = 16.0.30517.126
MinimumVisualStudioVersion = 10.0.40219.1
Project("{8BC9CEB8-8B4A-11D0-8D11-00A0C91BC942}") = "lab2", "lab2.vcxproj", "{1412AD79-C0BE-4DD0-B5D7-C4F3E357CBEF}"
EndProject
Global
	GlobalSection(SolutionConfigurationPlatforms) = preSolution
		Debug|x64 = Debug|x64
		Debug|x86 = Debug|x86
		Release|x64 = Release|x64
		Release|x86 = Release|x86
	EndGlobalSection
	GlobalSection(ProjectConfigurationPlatforms) = postSolution
		{1412AD79-C0BE-4DD0-B5D7-C4F3E357CBEF}.Debug|x64.ActiveCfg = Debug|x64
		{1412AD79-C0BE-4DD0-B5D7-C4F3E357CBEF}.Debug|x64.Build.0 = Debug|x64
		{1412AD79-C0BE-4DD0-B5D7-C4F3E357CBEF}.Debug|x86.ActiveCfg = Debug|Win32
		{1412AD79-C0BE-4DD0-B5D7-C4F3E357CBEF}.Debug|x86.Build.0 = Debug|Win32
		{1412AD79-C0BE-4DD0-B5D7-C4F3E357CBEF}.Release|x64.ActiveCfg = Release|x64
		{1412AD79-C0BE-4DD0-B5D7-C4F3E357CBEF}.Release|x64.Build.0 = Release|x64
		{1412AD79-C0BE-4DD0-B5D7-C4F3E357CBEF}.Release|x86.ActiveCfg = Release|Win32
		{1412AD79-C0BE-4DD0-B5D7-C4F3E357CBEF}.Release|x86.Build.0 = Release|Win32
	EndGlobalSection
	GlobalSection(SolutionProperties) = preSolution
		HideSolutionNode = FALSE
	EndGlobalSection
	GlobalSection(ExtensibilityGlobals) = postSolution
		SolutionGuid = {7B8A0ADB-6F36-4FB9-A69B-A4A16E3315A6}
	EndGlobalSection
EndGlobal
